# THIS IS AN AUTOGENERATED FILE. DO NOT EDIT THIS FILE DIRECTLY.
# yarn lockfile v1


"@hotwired/stimulus@^3.0.0":
  version "3.0.0"
  resolved "https://registry.yarnpkg.com/@hotwired/stimulus/-/stimulus-3.0.0.tgz#45171e61417af60f0e546665c52fae5b67295cee"
  integrity sha512-UFIuuf7GjKJoIYromuTmqfzT8gZ8eu5zIB5m2QoEsopymGeN7rfDSTRPyRfwHIqP0x+0vWo4O1LFozw+/sWXxg==

stimulus@^3.0.0:
  version "3.0.0"
  resolved "https://registry.yarnpkg.com/stimulus/-/stimulus-3.0.0.tgz#90f7a7bc62e57f3852adaf33c01fea5f80401142"
  integrity sha512-vINtZ6C43PWIqAv04oE/gKdfFPbVlWdClPUegFeAg1dTJABuzFTcnIOufgbMNAQQHFJeEhcgcLtEeiwtyYzNlg==
  dependencies:
    "@hotwired/stimulus" "^3.0.0"
